// !$*UTF8*$!
{
	archiveVersion = 1;
	classes = {
	};
	objectVersion = 77;
	objects = {

/* Begin PBXBuildFile section */
		018DA436B675890E863DBF2E /* HighlightsView.swift in Sources */ = {isa = PBXBuildFile; fileRef = 783E9DE95ACD9E094ECA7719 /* HighlightsView.swift */; };
		101709F650D9C74F15BA777D /* ElevenLabsService.swift in Sources */ = {isa = PBXBuildFile; fileRef = 9A42C62234F8995A951AEB8B /* ElevenLabsService.swift */; };
		1734CB6A6E8C2FACE21629F8 /* ReaderView.swift in Sources */ = {isa = PBXBuildFile; fileRef = 9A2D4A313666A4D493174F12 /* ReaderView.swift */; };
		17DE1C7A7BD2680971BF4475 /* ReadiumService.swift in Sources */ = {isa = PBXBuildFile; fileRef = ADB0D8D9E48BD40246619D80 /* ReadiumService.swift */; };
		1E037CC7B22DE99549511CD5 /* TTSHighlightHelperTests.swift in Sources */ = {isa = PBXBuildFile; fileRef = 4740C85F149A30DE1FBBD7FE /* TTSHighlightHelperTests.swift */; };
		1F95B870B78E615AB3535D4D /* Assets.xcassets in Resources */ = {isa = PBXBuildFile; fileRef = 4D3784CA2978ED65D6818863 /* Assets.xcassets */; };
		490AD5683F1E8117210ADA16 /* ReadiumReaderView.swift in Sources */ = {isa = PBXBuildFile; fileRef = D757BBA859CACB283ECC9533 /* ReadiumReaderView.swift */; };
		50C1BDE27582540A0D8CA267 /* AudioPlaybackManager.swift in Sources */ = {isa = PBXBuildFile; fileRef = 803C391E9257F2B72D408495 /* AudioPlaybackManager.swift */; };
		5A00B4FC73FB66D666DDD098 /* TTSHighlightHelper.swift in Sources */ = {isa = PBXBuildFile; fileRef = 515BDFC4571487A438A9FABF /* TTSHighlightHelper.swift */; };
		5A54FA753D70489C180836CB /* BookStore.swift in Sources */ = {isa = PBXBuildFile; fileRef = E222C91BB3C6BB4728DE80DD /* BookStore.swift */; };
		74C6F1569226488853E9B03C /* EPUBParserService.swift in Sources */ = {isa = PBXBuildFile; fileRef = A0585283C7FCD0CC23D4B72A /* EPUBParserService.swift */; };
		79B64FCDF95719C1984D1326 /* ReadiumShared in Frameworks */ = {isa = PBXBuildFile; productRef = 69C17F8441D9B4AA09CCB71E /* ReadiumShared */; };
		88779632FAC86C11983312F8 /* EPUBReaderApp.swift in Sources */ = {isa = PBXBuildFile; fileRef = A5DC7AA80E68BCE5CDAC91BF /* EPUBReaderApp.swift */; };
		90845789391141653A007272 /* ReadiumNavigator in Frameworks */ = {isa = PBXBuildFile; productRef = 8FEF355C3BCDD3AAB280F84E /* ReadiumNavigator */; };
		9E847438A5BA225FBB400BE4 /* SettingsView.swift in Sources */ = {isa = PBXBuildFile; fileRef = 5EA43EAC7B6FD78876267B56 /* SettingsView.swift */; };
		E0AB5A55460E324D44EF5F53 /* ReadiumAdapterGCDWebServer in Frameworks */ = {isa = PBXBuildFile; productRef = 6AB45F3431EEEDC3774758BD /* ReadiumAdapterGCDWebServer */; };
		EC59081B5AB1C8B66DAC9118 /* ReadiumStreamer in Frameworks */ = {isa = PBXBuildFile; productRef = EF8BDF786DCEAA60345E35B0 /* ReadiumStreamer */; };
		F79B88E47889C320F80555FD /* LibraryView.swift in Sources */ = {isa = PBXBuildFile; fileRef = 5D79AC2E138A4BEAE46E5BE4 /* LibraryView.swift */; };
		FBE6853C65A9822394D425D0 /* Book.swift in Sources */ = {isa = PBXBuildFile; fileRef = 94A07AF8E6C5438C2EAC2D00 /* Book.swift */; };
/* End PBXBuildFile section */

/* Begin PBXContainerItemProxy section */
		4127F33AED520E1967AB2624 /* PBXContainerItemProxy */ = {
			isa = PBXContainerItemProxy;
			containerPortal = 7938BA6FA88E015FAF5C1397 /* Project object */;
			proxyType = 1;
			remoteGlobalIDString = E7D493C39D8564B6DF1E7C69;
			remoteInfo = EPUBReader;
		};
/* End PBXContainerItemProxy section */

/* Begin PBXFileReference section */
		4740C85F149A30DE1FBBD7FE /* TTSHighlightHelperTests.swift */ = {isa = PBXFileReference; lastKnownFileType = sourcecode.swift; path = TTSHighlightHelperTests.swift; sourceTree = "<group>"; };
		4D3784CA2978ED65D6818863 /* Assets.xcassets */ = {isa = PBXFileReference; lastKnownFileType = folder.assetcatalog; path = Assets.xcassets; sourceTree = "<group>"; };
		512B74881354E3CEEC33024F /* EPUBReaderTests.xctest */ = {isa = PBXFileReference; includeInIndex = 0; lastKnownFileType = wrapper.cfbundle; path = EPUBReaderTests.xctest; sourceTree = BUILT_PRODUCTS_DIR; };
		515BDFC4571487A438A9FABF /* TTSHighlightHelper.swift */ = {isa = PBXFileReference; lastKnownFileType = sourcecode.swift; path = TTSHighlightHelper.swift; sourceTree = "<group>"; };
		5D79AC2E138A4BEAE46E5BE4 /* LibraryView.swift */ = {isa = PBXFileReference; lastKnownFileType = sourcecode.swift; path = LibraryView.swift; sourceTree = "<group>"; };
		5EA43EAC7B6FD78876267B56 /* SettingsView.swift */ = {isa = PBXFileReference; lastKnownFileType = sourcecode.swift; path = SettingsView.swift; sourceTree = "<group>"; };
		6A2106781EFB3E019745CD97 /* EPUBReader.app */ = {isa = PBXFileReference; includeInIndex = 0; lastKnownFileType = wrapper.application; path = EPUBReader.app; sourceTree = BUILT_PRODUCTS_DIR; };
		783E9DE95ACD9E094ECA7719 /* HighlightsView.swift */ = {isa = PBXFileReference; lastKnownFileType = sourcecode.swift; path = HighlightsView.swift; sourceTree = "<group>"; };
		803C391E9257F2B72D408495 /* AudioPlaybackManager.swift */ = {isa = PBXFileReference; lastKnownFileType = sourcecode.swift; path = AudioPlaybackManager.swift; sourceTree = "<group>"; };
		94A07AF8E6C5438C2EAC2D00 /* Book.swift */ = {isa = PBXFileReference; lastKnownFileType = sourcecode.swift; path = Book.swift; sourceTree = "<group>"; };
		9A2D4A313666A4D493174F12 /* ReaderView.swift */ = {isa = PBXFileReference; lastKnownFileType = sourcecode.swift; path = ReaderView.swift; sourceTree = "<group>"; };
		9A42C62234F8995A951AEB8B /* ElevenLabsService.swift */ = {isa = PBXFileReference; lastKnownFileType = sourcecode.swift; path = ElevenLabsService.swift; sourceTree = "<group>"; };
		A0585283C7FCD0CC23D4B72A /* EPUBParserService.swift */ = {isa = PBXFileReference; lastKnownFileType = sourcecode.swift; path = EPUBParserService.swift; sourceTree = "<group>"; };
		A5DC7AA80E68BCE5CDAC91BF /* EPUBReaderApp.swift */ = {isa = PBXFileReference; lastKnownFileType = sourcecode.swift; path = EPUBReaderApp.swift; sourceTree = "<group>"; };
		ADB0D8D9E48BD40246619D80 /* ReadiumService.swift */ = {isa = PBXFileReference; lastKnownFileType = sourcecode.swift; path = ReadiumService.swift; sourceTree = "<group>"; };
		C691393151F57E0CEC34D659 /* Info.plist */ = {isa = PBXFileReference; lastKnownFileType = text.plist; path = Info.plist; sourceTree = "<group>"; };
		D757BBA859CACB283ECC9533 /* ReadiumReaderView.swift */ = {isa = PBXFileReference; lastKnownFileType = sourcecode.swift; path = ReadiumReaderView.swift; sourceTree = "<group>"; };
		E222C91BB3C6BB4728DE80DD /* BookStore.swift */ = {isa = PBXFileReference; lastKnownFileType = sourcecode.swift; path = BookStore.swift; sourceTree = "<group>"; };
/* End PBXFileReference section */

/* Begin PBXFrameworksBuildPhase section */
		CC6C43A578B3154EB22EA247 /* Frameworks */ = {
			isa = PBXFrameworksBuildPhase;
			buildActionMask = 2147483647;
			files = (
				79B64FCDF95719C1984D1326 /* ReadiumShared in Frameworks */,
				EC59081B5AB1C8B66DAC9118 /* ReadiumStreamer in Frameworks */,
				90845789391141653A007272 /* ReadiumNavigator in Frameworks */,
				E0AB5A55460E324D44EF5F53 /* ReadiumAdapterGCDWebServer in Frameworks */,
			);
			runOnlyForDeploymentPostprocessing = 0;
		};
/* End PBXFrameworksBuildPhase section */

/* Begin PBXGroup section */
		13C23C24DACA4550140B11FF /* EPUBReaderTests */ = {
			isa = PBXGroup;
			children = (
				4740C85F149A30DE1FBBD7FE /* TTSHighlightHelperTests.swift */,
			);
			path = EPUBReaderTests;
			sourceTree = "<group>";
		};
		1D404561CEAA7075032D60AE /* Products */ = {
			isa = PBXGroup;
			children = (
				6A2106781EFB3E019745CD97 /* EPUBReader.app */,
				512B74881354E3CEEC33024F /* EPUBReaderTests.xctest */,
			);
			name = Products;
			sourceTree = "<group>";
		};
		415EB50A78A1322D0ABFFD10 /* Models */ = {
			isa = PBXGroup;
			children = (
				94A07AF8E6C5438C2EAC2D00 /* Book.swift */,
				E222C91BB3C6BB4728DE80DD /* BookStore.swift */,
			);
			path = Models;
			sourceTree = "<group>";
		};
		5E8AD5EC0DB2915E1CE9C58B /* Services */ = {
			isa = PBXGroup;
			children = (
				803C391E9257F2B72D408495 /* AudioPlaybackManager.swift */,
				9A42C62234F8995A951AEB8B /* ElevenLabsService.swift */,
				A0585283C7FCD0CC23D4B72A /* EPUBParserService.swift */,
				ADB0D8D9E48BD40246619D80 /* ReadiumService.swift */,
			);
			path = Services;
			sourceTree = "<group>";
		};
		8B3A1D8C6443ED81B3A0D916 = {
			isa = PBXGroup;
			children = (
				D7E6F595AC2639B1D00B606D /* EPUBReader */,
				13C23C24DACA4550140B11FF /* EPUBReaderTests */,
				1D404561CEAA7075032D60AE /* Products */,
			);
			sourceTree = "<group>";
		};
		9B8F4FADF8BD9F91190086A6 /* Views */ = {
			isa = PBXGroup;
			children = (
				783E9DE95ACD9E094ECA7719 /* HighlightsView.swift */,
				5D79AC2E138A4BEAE46E5BE4 /* LibraryView.swift */,
				9A2D4A313666A4D493174F12 /* ReaderView.swift */,
				D757BBA859CACB283ECC9533 /* ReadiumReaderView.swift */,
				5EA43EAC7B6FD78876267B56 /* SettingsView.swift */,
			);
			path = Views;
			sourceTree = "<group>";
		};
		D7E6F595AC2639B1D00B606D /* EPUBReader */ = {
			isa = PBXGroup;
			children = (
				4D3784CA2978ED65D6818863 /* Assets.xcassets */,
				A5DC7AA80E68BCE5CDAC91BF /* EPUBReaderApp.swift */,
				C691393151F57E0CEC34D659 /* Info.plist */,
				DA3C4547B5EF5E36B834A067 /* Helpers */,
				415EB50A78A1322D0ABFFD10 /* Models */,
				5E8AD5EC0DB2915E1CE9C58B /* Services */,
				9B8F4FADF8BD9F91190086A6 /* Views */,
			);
			path = EPUBReader;
			sourceTree = "<group>";
		};
		DA3C4547B5EF5E36B834A067 /* Helpers */ = {
			isa = PBXGroup;
			children = (
				515BDFC4571487A438A9FABF /* TTSHighlightHelper.swift */,
			);
			path = Helpers;
			sourceTree = "<group>";
		};
/* End PBXGroup section */

/* Begin PBXNativeTarget section */
		1848AAA221619F1D6A2A35B8 /* EPUBReaderTests */ = {
			isa = PBXNativeTarget;
			buildConfigurationList = 68C0FE2EC35EEB726EF7CB2F /* Build configuration list for PBXNativeTarget "EPUBReaderTests" */;
			buildPhases = (
				14A012CD47099439D44F4966 /* Sources */,
			);
			buildRules = (
			);
			dependencies = (
				B01257985FA3513BD26E8BFC /* PBXTargetDependency */,
			);
			name = EPUBReaderTests;
			packageProductDependencies = (
			);
			productName = EPUBReaderTests;
			productReference = 512B74881354E3CEEC33024F /* EPUBReaderTests.xctest */;
			productType = "com.apple.product-type.bundle.unit-test";
		};
		E7D493C39D8564B6DF1E7C69 /* EPUBReader */ = {
			isa = PBXNativeTarget;
			buildConfigurationList = FDDF113E8D11073F515BE73F /* Build configuration list for PBXNativeTarget "EPUBReader" */;
			buildPhases = (
				06FDE4882D52FF3D443B1080 /* Sources */,
				BF0B4778566B6A1CA7814A32 /* Resources */,
				CC6C43A578B3154EB22EA247 /* Frameworks */,
			);
			buildRules = (
			);
			dependencies = (
			);
			name = EPUBReader;
			packageProductDependencies = (
				69C17F8441D9B4AA09CCB71E /* ReadiumShared */,
				EF8BDF786DCEAA60345E35B0 /* ReadiumStreamer */,
				8FEF355C3BCDD3AAB280F84E /* ReadiumNavigator */,
				6AB45F3431EEEDC3774758BD /* ReadiumAdapterGCDWebServer */,
			);
			productName = EPUBReader;
			productReference = 6A2106781EFB3E019745CD97 /* EPUBReader.app */;
			productType = "com.apple.product-type.application";
		};
/* End PBXNativeTarget section */

/* Begin PBXProject section */
		7938BA6FA88E015FAF5C1397 /* Project object */ = {
			isa = PBXProject;
			attributes = {
				BuildIndependentTargetsInParallel = YES;
				LastUpgradeCheck = 1600;
				TargetAttributes = {
					E7D493C39D8564B6DF1E7C69 = {
						DevelopmentTeam = "";
						ProvisioningStyle = Automatic;
					};
				};
			};
			buildConfigurationList = 0E703E102F8FFBED5380101A /* Build configuration list for PBXProject "EPUBReader" */;
			compatibilityVersion = "Xcode 14.0";
			developmentRegion = en;
			hasScannedForEncodings = 0;
			knownRegions = (
				Base,
				en,
			);
			mainGroup = 8B3A1D8C6443ED81B3A0D916;
			minimizedProjectReferenceProxies = 1;
			packageReferences = (
				16C02E0DF58490656E74587E /* XCRemoteSwiftPackageReference "swift-toolkit" */,
			);
			preferredProjectObjectVersion = 77;
			projectDirPath = "";
			projectRoot = "";
			targets = (
				E7D493C39D8564B6DF1E7C69 /* EPUBReader */,
				1848AAA221619F1D6A2A35B8 /* EPUBReaderTests */,
			);
		};
/* End PBXProject section */

/* Begin PBXResourcesBuildPhase section */
		BF0B4778566B6A1CA7814A32 /* Resources */ = {
			isa = PBXResourcesBuildPhase;
			buildActionMask = 2147483647;
			files = (
				1F95B870B78E615AB3535D4D /* Assets.xcassets in Resources */,
			);
			runOnlyForDeploymentPostprocessing = 0;
		};
/* End PBXResourcesBuildPhase section */

/* Begin PBXSourcesBuildPhase section */
		06FDE4882D52FF3D443B1080 /* Sources */ = {
			isa = PBXSourcesBuildPhase;
			buildActionMask = 2147483647;
			files = (
				50C1BDE27582540A0D8CA267 /* AudioPlaybackManager.swift in Sources */,
				FBE6853C65A9822394D425D0 /* Book.swift in Sources */,
				5A54FA753D70489C180836CB /* BookStore.swift in Sources */,
				74C6F1569226488853E9B03C /* EPUBParserService.swift in Sources */,
				88779632FAC86C11983312F8 /* EPUBReaderApp.swift in Sources */,
				101709F650D9C74F15BA777D /* ElevenLabsService.swift in Sources */,
				018DA436B675890E863DBF2E /* HighlightsView.swift in Sources */,
				F79B88E47889C320F80555FD /* LibraryView.swift in Sources */,
				1734CB6A6E8C2FACE21629F8 /* ReaderView.swift in Sources */,
				490AD5683F1E8117210ADA16 /* ReadiumReaderView.swift in Sources */,
				17DE1C7A7BD2680971BF4475 /* ReadiumService.swift in Sources */,
				9E847438A5BA225FBB400BE4 /* SettingsView.swift in Sources */,
				5A00B4FC73FB66D666DDD098 /* TTSHighlightHelper.swift in Sources */,
			);
			runOnlyForDeploymentPostprocessing = 0;
		};
		14A012CD47099439D44F4966 /* Sources */ = {
			isa = PBXSourcesBuildPhase;
			buildActionMask = 2147483647;
			files = (
				1E037CC7B22DE99549511CD5 /* TTSHighlightHelperTests.swift in Sources */,
			);
			runOnlyForDeploymentPostprocessing = 0;
		};
/* End PBXSourcesBuildPhase section */

/* Begin PBXTargetDependency section */
		B01257985FA3513BD26E8BFC /* PBXTargetDependency */ = {
			isa = PBXTargetDependency;
			target = E7D493C39D8564B6DF1E7C69 /* EPUBReader */;
			targetProxy = 4127F33AED520E1967AB2624 /* PBXContainerItemProxy */;
		};
/* End PBXTargetDependency section */

/* Begin XCBuildConfiguration section */
		3EF35411753C9DDAEA94B1D8 /* Debug */ = {
			isa = XCBuildConfiguration;
			buildSettings = {
				BUNDLE_LOADER = "$(TEST_HOST)";
				GENERATE_INFOPLIST_FILE = YES;
				LD_RUNPATH_SEARCH_PATHS = (
					"$(inherited)",
					"@executable_path/Frameworks",
					"@loader_path/Frameworks",
				);
				PRODUCT_BUNDLE_IDENTIFIER = com.personal.EPUBReaderTests;
				SDKROOT = iphoneos;
				SWIFT_VERSION = 6.0;
				TARGETED_DEVICE_FAMILY = "1,2";
				TEST_HOST = "$(BUILT_PRODUCTS_DIR)/EPUBReader.app/EPUBReader";
			};
			name = Debug;
		};
		6FEBC374316DEE5F3084EABE /* Release */ = {
			isa = XCBuildConfiguration;
			buildSettings = {
				ASSETCATALOG_COMPILER_APPICON_NAME = AppIcon;
				ASSETCATALOG_COMPILER_GLOBAL_ACCENT_COLOR_NAME = AccentColor;
				CODE_SIGN_IDENTITY = "iPhone Developer";
				CODE_SIGN_STYLE = Automatic;
				CURRENT_PROJECT_VERSION = 1;
				DEVELOPMENT_TEAM = "";
				INFOPLIST_FILE = EPUBReader/Info.plist;
				LD_RUNPATH_SEARCH_PATHS = (
					"$(inherited)",
					"@executable_path/Frameworks",
				);
				MARKETING_VERSION = 1.0.0;
				PRODUCT_BUNDLE_IDENTIFIER = com.personal.EPUBReader;
				SDKROOT = iphoneos;
				SWIFT_VERSION = 6.0;
				TARGETED_DEVICE_FAMILY = "1,2";
			};
			name = Release;
		};
		7AB9F0822A158FC00DB6F61E /* Release */ = {
			isa = XCBuildConfiguration;
			buildSettings = {
				ALWAYS_SEARCH_USER_PATHS = NO;
				CLANG_ANALYZER_NONNULL = YES;
				CLANG_ANALYZER_NUMBER_OBJECT_CONVERSION = YES_AGGRESSIVE;
				CLANG_CXX_LANGUAGE_STANDARD = "gnu++14";
				CLANG_CXX_LIBRARY = "libc++";
				CLANG_ENABLE_MODULES = YES;
				CLANG_ENABLE_OBJC_ARC = YES;
				CLANG_ENABLE_OBJC_WEAK = YES;
				CLANG_WARN_BLOCK_CAPTURE_AUTORELEASING = YES;
				CLANG_WARN_BOOL_CONVERSION = YES;
				CLANG_WARN_COMMA = YES;
				CLANG_WARN_CONSTANT_CONVERSION = YES;
				CLANG_WARN_DEPRECATED_OBJC_IMPLEMENTATIONS = YES;
				CLANG_WARN_DIRECT_OBJC_ISA_USAGE = YES_ERROR;
				CLANG_WARN_DOCUMENTATION_COMMENTS = YES;
				CLANG_WARN_EMPTY_BODY = YES;
				CLANG_WARN_ENUM_CONVERSION = YES;
				CLANG_WARN_INFINITE_RECURSION = YES;
				CLANG_WARN_INT_CONVERSION = YES;
				CLANG_WARN_NON_LITERAL_NULL_CONVERSION = YES;
				CLANG_WARN_OBJC_IMPLICIT_RETAIN_SELF = YES;
				CLANG_WARN_OBJC_LITERAL_CONVERSION = YES;
				CLANG_WARN_OBJC_ROOT_CLASS = YES_ERROR;
				CLANG_WARN_QUOTED_INCLUDE_IN_FRAMEWORK_HEADER = YES;
				CLANG_WARN_RANGE_LOOP_ANALYSIS = YES;
				CLANG_WARN_STRICT_PROTOTYPES = YES;
				CLANG_WARN_SUSPICIOUS_MOVE = YES;
				CLANG_WARN_UNGUARDED_AVAILABILITY = YES_AGGRESSIVE;
				CLANG_WARN_UNREACHABLE_CODE = YES;
				CLANG_WARN__DUPLICATE_METHOD_MATCH = YES;
				COPY_PHASE_STRIP = NO;
				DEBUG_INFORMATION_FORMAT = "dwarf-with-dsym";
				ENABLE_NS_ASSERTIONS = NO;
				ENABLE_STRICT_OBJC_MSGSEND = YES;
				GCC_C_LANGUAGE_STANDARD = gnu11;
				GCC_NO_COMMON_BLOCKS = YES;
				GCC_WARN_64_TO_32_BIT_CONVERSION = YES;
				GCC_WARN_ABOUT_RETURN_TYPE = YES_ERROR;
				GCC_WARN_UNDECLARED_SELECTOR = YES;
				GCC_WARN_UNINITIALIZED_AUTOS = YES_AGGRESSIVE;
				GCC_WARN_UNUSED_FUNCTION = YES;
				GCC_WARN_UNUSED_VARIABLE = YES;
				IPHONEOS_DEPLOYMENT_TARGET = 17.0;
				MTL_ENABLE_DEBUG_INFO = NO;
				MTL_FAST_MATH = YES;
				PRODUCT_NAME = "$(TARGET_NAME)";
				SDKROOT = iphoneos;
				SWIFT_COMPILATION_MODE = wholemodule;
				SWIFT_OPTIMIZATION_LEVEL = "-O";
				SWIFT_VERSION = 5.0;
			};
			name = Release;
		};
		BF9682290513D9A5503F727F /* Debug */ = {
			isa = XCBuildConfiguration;
			buildSettings = {
				ALWAYS_SEARCH_USER_PATHS = NO;
				CLANG_ANALYZER_NONNULL = YES;
				CLANG_ANALYZER_NUMBER_OBJECT_CONVERSION = YES_AGGRESSIVE;
				CLANG_CXX_LANGUAGE_STANDARD = "gnu++14";
				CLANG_CXX_LIBRARY = "libc++";
				CLANG_ENABLE_MODULES = YES;
				CLANG_ENABLE_OBJC_ARC = YES;
				CLANG_ENABLE_OBJC_WEAK = YES;
				CLANG_WARN_BLOCK_CAPTURE_AUTORELEASING = YES;
				CLANG_WARN_BOOL_CONVERSION = YES;
				CLANG_WARN_COMMA = YES;
				CLANG_WARN_CONSTANT_CONVERSION = YES;
				CLANG_WARN_DEPRECATED_OBJC_IMPLEMENTATIONS = YES;
				CLANG_WARN_DIRECT_OBJC_ISA_USAGE = YES_ERROR;
				CLANG_WARN_DOCUMENTATION_COMMENTS = YES;
				CLANG_WARN_EMPTY_BODY = YES;
				CLANG_WARN_ENUM_CONVERSION = YES;
				CLANG_WARN_INFINITE_RECURSION = YES;
				CLANG_WARN_INT_CONVERSION = YES;
				CLANG_WARN_NON_LITERAL_NULL_CONVERSION = YES;
				CLANG_WARN_OBJC_IMPLICIT_RETAIN_SELF = YES;
				CLANG_WARN_OBJC_LITERAL_CONVERSION = YES;
				CLANG_WARN_OBJC_ROOT_CLASS = YES_ERROR;
				CLANG_WARN_QUOTED_INCLUDE_IN_FRAMEWORK_HEADER = YES;
				CLANG_WARN_RANGE_LOOP_ANALYSIS = YES;
				CLANG_WARN_STRICT_PROTOTYPES = YES;
				CLANG_WARN_SUSPICIOUS_MOVE = YES;
				CLANG_WARN_UNGUARDED_AVAILABILITY = YES_AGGRESSIVE;
				CLANG_WARN_UNREACHABLE_CODE = YES;
				CLANG_WARN__DUPLICATE_METHOD_MATCH = YES;
				COPY_PHASE_STRIP = NO;
				DEBUG_INFORMATION_FORMAT = dwarf;
				ENABLE_STRICT_OBJC_MSGSEND = YES;
				ENABLE_TESTABILITY = YES;
				GCC_C_LANGUAGE_STANDARD = gnu11;
				GCC_DYNAMIC_NO_PIC = NO;
				GCC_NO_COMMON_BLOCKS = YES;
				GCC_OPTIMIZATION_LEVEL = 0;
				GCC_PREPROCESSOR_DEFINITIONS = (
					"$(inherited)",
					"DEBUG=1",
				);
				GCC_WARN_64_TO_32_BIT_CONVERSION = YES;
				GCC_WARN_ABOUT_RETURN_TYPE = YES_ERROR;
				GCC_WARN_UNDECLARED_SELECTOR = YES;
				GCC_WARN_UNINITIALIZED_AUTOS = YES_AGGRESSIVE;
				GCC_WARN_UNUSED_FUNCTION = YES;
				GCC_WARN_UNUSED_VARIABLE = YES;
				IPHONEOS_DEPLOYMENT_TARGET = 17.0;
				MTL_ENABLE_DEBUG_INFO = INCLUDE_SOURCE;
				MTL_FAST_MATH = YES;
				ONLY_ACTIVE_ARCH = YES;
				PRODUCT_NAME = "$(TARGET_NAME)";
				SDKROOT = iphoneos;
				SWIFT_ACTIVE_COMPILATION_CONDITIONS = DEBUG;
				SWIFT_OPTIMIZATION_LEVEL = "-Onone";
				SWIFT_VERSION = 5.0;
			};
			name = Debug;
		};
		C67787DEC3CEC3B20A367823 /* Release */ = {
			isa = XCBuildConfiguration;
			buildSettings = {
				BUNDLE_LOADER = "$(TEST_HOST)";
				GENERATE_INFOPLIST_FILE = YES;
				LD_RUNPATH_SEARCH_PATHS = (
					"$(inherited)",
					"@executable_path/Frameworks",
					"@loader_path/Frameworks",
				);
				PRODUCT_BUNDLE_IDENTIFIER = com.personal.EPUBReaderTests;
				SDKROOT = iphoneos;
				SWIFT_VERSION = 6.0;
				TARGETED_DEVICE_FAMILY = "1,2";
				TEST_HOST = "$(BUILT_PRODUCTS_DIR)/EPUBReader.app/EPUBReader";
			};
			name = Release;
		};
		D9D6A325684295D880EE99B0 /* Debug */ = {
			isa = XCBuildConfiguration;
			buildSettings = {
				ASSETCATALOG_COMPILER_APPICON_NAME = AppIcon;
				ASSETCATALOG_COMPILER_GLOBAL_ACCENT_COLOR_NAME = AccentColor;
				CODE_SIGN_IDENTITY = "iPhone Developer";
				CODE_SIGN_STYLE = Automatic;
				CURRENT_PROJECT_VERSION = 1;
				DEVELOPMENT_TEAM = "";
				INFOPLIST_FILE = EPUBReader/Info.plist;
				LD_RUNPATH_SEARCH_PATHS = (
					"$(inherited)",
					"@executable_path/Frameworks",
				);
				MARKETING_VERSION = 1.0.0;
				PRODUCT_BUNDLE_IDENTIFIER = com.personal.EPUBReader;
				SDKROOT = iphoneos;
				SWIFT_VERSION = 6.0;
				TARGETED_DEVICE_FAMILY = "1,2";
			};
			name = Debug;
		};
/* End XCBuildConfiguration section */

/* Begin XCConfigurationList section */
		0E703E102F8FFBED5380101A /* Build configuration list for PBXProject "EPUBReader" */ = {
			isa = XCConfigurationList;
			buildConfigurations = (
				BF9682290513D9A5503F727F /* Debug */,
				7AB9F0822A158FC00DB6F61E /* Release */,
			);
			defaultConfigurationIsVisible = 0;
			defaultConfigurationName = Debug;
		};
		68C0FE2EC35EEB726EF7CB2F /* Build configuration list for PBXNativeTarget "EPUBReaderTests" */ = {
			isa = XCConfigurationList;
			buildConfigurations = (
				3EF35411753C9DDAEA94B1D8 /* Debug */,
				C67787DEC3CEC3B20A367823 /* Release */,
			);
			defaultConfigurationIsVisible = 0;
			defaultConfigurationName = Debug;
		};
		FDDF113E8D11073F515BE73F /* Build configuration list for PBXNativeTarget "EPUBReader" */ = {
			isa = XCConfigurationList;
			buildConfigurations = (
				D9D6A325684295D880EE99B0 /* Debug */,
				6FEBC374316DEE5F3084EABE /* Release */,
			);
			defaultConfigurationIsVisible = 0;
			defaultConfigurationName = Debug;
		};
/* End XCConfigurationList section */

/* Begin XCRemoteSwiftPackageReference section */
		16C02E0DF58490656E74587E /* XCRemoteSwiftPackageReference "swift-toolkit" */ = {
			isa = XCRemoteSwiftPackageReference;
			repositoryURL = "https://github.com/readium/swift-toolkit.git";
			requirement = {
				kind = upToNextMajorVersion;
				minimumVersion = 3.7.0;
			};
		};
/* End XCRemoteSwiftPackageReference section */

/* Begin XCSwiftPackageProductDependency section */
		69C17F8441D9B4AA09CCB71E /* ReadiumShared */ = {
			isa = XCSwiftPackageProductDependency;
			package = 16C02E0DF58490656E74587E /* XCRemoteSwiftPackageReference "swift-toolkit" */;
			productName = ReadiumShared;
		};
		6AB45F3431EEEDC3774758BD /* ReadiumAdapterGCDWebServer */ = {
			isa = XCSwiftPackageProductDependency;
			package = 16C02E0DF58490656E74587E /* XCRemoteSwiftPackageReference "swift-toolkit" */;
			productName = ReadiumAdapterGCDWebServer;
		};
		8FEF355C3BCDD3AAB280F84E /* ReadiumNavigator */ = {
			isa = XCSwiftPackageProductDependency;
			package = 16C02E0DF58490656E74587E /* XCRemoteSwiftPackageReference "swift-toolkit" */;
			productName = ReadiumNavigator;
		};
		EF8BDF786DCEAA60345E35B0 /* ReadiumStreamer */ = {
			isa = XCSwiftPackageProductDependency;
			package = 16C02E0DF58490656E74587E /* XCRemoteSwiftPackageReference "swift-toolkit" */;
			productName = ReadiumStreamer;
		};
/* End XCSwiftPackageProductDependency section */
	};
	rootObject = 7938BA6FA88E015FAF5C1397 /* Project object */;
}
